{
  "name": "client-sqlite",
  "lockfileVersion": 3,
  "requires": true,
  "packages": {
    "": {
      "devDependencies": {
        "@mark1russell7/cue": "github:mark1russell7/cue#main"
      }
    },
    "node_modules/@mark1russell7/cue": {
      "version": "1.0.0",
      "resolved": "git+ssh://git@github.com/mark1russell7/cue.git#4df27a188ae18116525bc86777d8e27962eeb1b5",
      "dev": true,
      "license": "MIT",
      "bin": {
        "cue-config": "dist/cli.js"
      },
      "engines": {
        "node": ">=25.0.0",
        "npm": ">=11.0.0"
      }
    }
  }
}
